
Microsoft Visual Studio Solution File, Format Version 12.00
# Visual Studio Version 17
VisualStudioVersion = 17.7.34018.315
MinimumVisualStudioVersion = 10.0.40219.1
Project("{9A19103F-16F7-4668-BE54-9A1E7A4F7556}") = "DBProject", "DBProject\DBProject.csproj", "{45AD85E7-67BE-4330-AA13-18404D7D9087}"
EndProject
Global
	GlobalSection(SolutionConfigurationPlatforms) = preSolution
		Debug|Any CPU = Debug|Any CPU
		Release|Any CPU = Release|Any CPU
	EndGlobalSection
	GlobalSection(ProjectConfigurationPlatforms) = postSolution
		{45AD85E7-67BE-4330-AA13-18404D7D9087}.Debug|Any CPU.ActiveCfg = Debug|Any CPU
		{45AD85E7-67BE-4330-AA13-18404D7D9087}.Debug|Any CPU.Build.0 = Debug|Any CPU
		{45AD85E7-67BE-4330-AA13-18404D7D9087}.Release|Any CPU.ActiveCfg = Release|Any CPU
		{45AD85E7-67BE-4330-AA13-18404D7D9087}.Release|Any CPU.Build.0 = Release|Any CPU
	EndGlobalSection
	GlobalSection(SolutionProperties) = preSolution
		HideSolutionNode = FALSE
	EndGlobalSection
	GlobalSection(ExtensibilityGlobals) = postSolution
		SolutionGuid = {FCA8DFAF-2D90-4E34-9BEF-358474714FC2}
	EndGlobalSection
EndGlobal
